
Microsoft Visual Studio Solution File, Format Version 12.00
# Visual Studio Version 17
VisualStudioVersion = 17.5.002.0
MinimumVisualStudioVersion = 10.0.40219.1
Project("{2150E333-8FDC-42A3-9474-1A3956D46DE8}") = "csharp-prep", "csharp-prep", "{68141A3B-EB90-42C6-B644-73BEAC79341B}"
EndProject
Project("{9A19103F-16F7-4668-BE54-9A1E7A4F7556}") = "Prep1", "csharp-prep\Prep1\Prep1.csproj", "{322B0C40-A4E0-40F3-AAB9-CC46F29C88CA}"
EndProject
Project("{9A19103F-16F7-4668-BE54-9A1E7A4F7556}") = "Prep2", "csharp-prep\Prep2\Prep2.csproj", "{DFA25393-BF87-45E1-B0B2-92088EE81BE0}"
EndProject
Project("{9A19103F-16F7-4668-BE54-9A1E7A4F7556}") = "Prep3", "csharp-prep\Prep3\Prep3.csproj", "{172A7168-7C0A-40CA-99D5-F3C85C98765D}"
EndProject
Project("{9A19103F-16F7-4668-BE54-9A1E7A4F7556}") = "Prep4", "csharp-prep\Prep4\Prep4.csproj", "{4D634763-6428-43A7-BC3D-4946BF464FED}"
EndProject
Project("{9A19103F-16F7-4668-BE54-9A1E7A4F7556}") = "Prep5", "csharp-prep\Prep5\Prep5.csproj", "{B7D355CB-98B9-4BA9-98F8-FDCE6BCF8471}"
EndProject
Project("{2150E333-8FDC-42A3-9474-1A3956D46DE8}") = "final", "final", "{FD030C68-9D91-4846-85D0-36244157FD29}"
EndProject
Project("{9A19103F-16F7-4668-BE54-9A1E7A4F7556}") = "FinalProject", "final\FinalProject\FinalProject.csproj", "{21D6BA90-51F9-4183-A813-E28E166AB48E}"
EndProject
Project("{9A19103F-16F7-4668-BE54-9A1E7A4F7556}") = "Foundation1", "final\Foundation1\Foundation1.csproj", "{A47A5D21-89DB-4811-BB3A-386BBB46AAFF}"
EndProject
Project("{9A19103F-16F7-4668-BE54-9A1E7A4F7556}") = "Foundation2", "final\Foundation2\Foundation2.csproj", "{E3AC25B4-3020-41C3-A337-E0FC17E2E836}"
EndProject
Project("{9A19103F-16F7-4668-BE54-9A1E7A4F7556}") = "Foundation3", "final\Foundation3\Foundation3.csproj", "{DC3B045F-820E-40E2-A296-485790F7C217}"
EndProject
Project("{9A19103F-16F7-4668-BE54-9A1E7A4F7556}") = "Foundation4", "final\Foundation4\Foundation4.csproj", "{A98CD09D-6AA0-48E5-8382-2F9C38E90F64}"
EndProject
Project("{2150E333-8FDC-42A3-9474-1A3956D46DE8}") = "prepare", "prepare", "{C920F773-B7BC-4E11-94F5-1DDFC405936E}"
EndProject
Project("{9A19103F-16F7-4668-BE54-9A1E7A4F7556}") = "Learning02", "prepare\Learning02\Learning02.csproj", "{557DDAA7-B720-4C4F-8DDF-A12958FBE176}"
EndProject
Project("{9A19103F-16F7-4668-BE54-9A1E7A4F7556}") = "Learning03", "prepare\Learning03\Learning03.csproj", "{1E3B3ACD-AD60-4F49-BF53-046C4188D312}"
EndProject
Project("{9A19103F-16F7-4668-BE54-9A1E7A4F7556}") = "Learning04", "prepare\Learning04\Learning04.csproj", "{8E91FE5A-30B4-46AE-A4FB-EFDD61D1176F}"
EndProject
Project("{9A19103F-16F7-4668-BE54-9A1E7A4F7556}") = "Learning05", "prepare\Learning05\Learning05.csproj", "{F153EB3D-ACE7-4D5A-9C66-A747A175F36D}"
EndProject
Project("{2150E333-8FDC-42A3-9474-1A3956D46DE8}") = "prove", "prove", "{864F4D8A-3F7B-4B5B-B1C8-C7CBCFBA8AD4}"
EndProject
Project("{9A19103F-16F7-4668-BE54-9A1E7A4F7556}") = "Develop02", "prove\Develop02\Develop02.csproj", "{92C4E671-1BB3-4F44-AE66-7584ECC502A2}"
EndProject
Project("{9A19103F-16F7-4668-BE54-9A1E7A4F7556}") = "Develop03", "prove\Develop03\Develop03.csproj", "{EB4DB5FD-7CA5-4250-B5C7-2ABD901FBA79}"
EndProject
Project("{9A19103F-16F7-4668-BE54-9A1E7A4F7556}") = "Develop04", "prove\Develop04\Develop04.csproj", "{8A177021-B7BB-4EB4-B514-C7F03ED5F571}"
EndProject
Project("{9A19103F-16F7-4668-BE54-9A1E7A4F7556}") = "Develop05", "prove\Develop05\Develop05.csproj", "{2005E1CC-5BFF-4ABF-B46D-EB39E2D9130F}"
EndProject
Project("{2150E333-8FDC-42A3-9474-1A3956D46DE8}") = "sandbox", "sandbox", "{9AA5761F-AF01-4039-A204-9949058556E9}"
EndProject
Project("{9A19103F-16F7-4668-BE54-9A1E7A4F7556}") = "Sandbox", "sandbox\Sandbox\Sandbox.csproj", "{DD4912A0-AEC3-4BA7-BFDB-AFFFBF685982}"
EndProject
Global
	GlobalSection(SolutionConfigurationPlatforms) = preSolution
		Debug|Any CPU = Debug|Any CPU
		Release|Any CPU = Release|Any CPU
	EndGlobalSection
	GlobalSection(ProjectConfigurationPlatforms) = postSolution
		{322B0C40-A4E0-40F3-AAB9-CC46F29C88CA}.Debug|Any CPU.ActiveCfg = Debug|Any CPU
		{322B0C40-A4E0-40F3-AAB9-CC46F29C88CA}.Debug|Any CPU.Build.0 = Debug|Any CPU
		{322B0C40-A4E0-40F3-AAB9-CC46F29C88CA}.Release|Any CPU.ActiveCfg = Release|Any CPU
		{322B0C40-A4E0-40F3-AAB9-CC46F29C88CA}.Release|Any CPU.Build.0 = Release|Any CPU
		{DFA25393-BF87-45E1-B0B2-92088EE81BE0}.Debug|Any CPU.ActiveCfg = Debug|Any CPU
		{DFA25393-BF87-45E1-B0B2-92088EE81BE0}.Debug|Any CPU.Build.0 = Debug|Any CPU
		{DFA25393-BF87-45E1-B0B2-92088EE81BE0}.Release|Any CPU.ActiveCfg = Release|Any CPU
		{DFA25393-BF87-45E1-B0B2-92088EE81BE0}.Release|Any CPU.Build.0 = Release|Any CPU
		{172A7168-7C0A-40CA-99D5-F3C85C98765D}.Debug|Any CPU.ActiveCfg = Debug|Any CPU
		{172A7168-7C0A-40CA-99D5-F3C85C98765D}.Debug|Any CPU.Build.0 = Debug|Any CPU
		{172A7168-7C0A-40CA-99D5-F3C85C98765D}.Release|Any CPU.ActiveCfg = Release|Any CPU
		{172A7168-7C0A-40CA-99D5-F3C85C98765D}.Release|Any CPU.Build.0 = Release|Any CPU
		{4D634763-6428-43A7-BC3D-4946BF464FED}.Debug|Any CPU.ActiveCfg = Debug|Any CPU
		{4D634763-6428-43A7-BC3D-4946BF464FED}.Debug|Any CPU.Build.0 = Debug|Any CPU
		{4D634763-6428-43A7-BC3D-4946BF464FED}.Release|Any CPU.ActiveCfg = Release|Any CPU
		{4D634763-6428-43A7-BC3D-4946BF464FED}.Release|Any CPU.Build.0 = Release|Any CPU
		{B7D355CB-98B9-4BA9-98F8-FDCE6BCF8471}.Debug|Any CPU.ActiveCfg = Debug|Any CPU
		{B7D355CB-98B9-4BA9-98F8-FDCE6BCF8471}.Debug|Any CPU.Build.0 = Debug|Any CPU
		{B7D355CB-98B9-4BA9-98F8-FDCE6BCF8471}.Release|Any CPU.ActiveCfg = Release|Any CPU
		{B7D355CB-98B9-4BA9-98F8-FDCE6BCF8471}.Release|Any CPU.Build.0 = Release|Any CPU
		{21D6BA90-51F9-4183-A813-E28E166AB48E}.Debug|Any CPU.ActiveCfg = Debug|Any CPU
		{21D6BA90-51F9-4183-A813-E28E166AB48E}.Debug|Any CPU.Build.0 = Debug|Any CPU
		{21D6BA90-51F9-4183-A813-E28E166AB48E}.Release|Any CPU.ActiveCfg = Release|Any CPU
		{21D6BA90-51F9-4183-A813-E28E166AB48E}.Release|Any CPU.Build.0 = Release|Any CPU
		{A47A5D21-89DB-4811-BB3A-386BBB46AAFF}.Debug|Any CPU.ActiveCfg = Debug|Any CPU
		{A47A5D21-89DB-4811-BB3A-386BBB46AAFF}.Debug|Any CPU.Build.0 = Debug|Any CPU
		{A47A5D21-89DB-4811-BB3A-386BBB46AAFF}.Release|Any CPU.ActiveCfg = Release|Any CPU
		{A47A5D21-89DB-4811-BB3A-386BBB46AAFF}.Release|Any CPU.Build.0 = Release|Any CPU
		{E3AC25B4-3020-41C3-A337-E0FC17E2E836}.Debug|Any CPU.ActiveCfg = Debug|Any CPU
		{E3AC25B4-3020-41C3-A337-E0FC17E2E836}.Debug|Any CPU.Build.0 = Debug|Any CPU
		{E3AC25B4-3020-41C3-A337-E0FC17E2E836}.Release|Any CPU.ActiveCfg = Release|Any CPU
		{E3AC25B4-3020-41C3-A337-E0FC17E2E836}.Release|Any CPU.Build.0 = Release|Any CPU
		{DC3B045F-820E-40E2-A296-485790F7C217}.Debug|Any CPU.ActiveCfg = Debug|Any CPU
		{DC3B045F-820E-40E2-A296-485790F7C217}.Debug|Any CPU.Build.0 = Debug|Any CPU
		{DC3B045F-820E-40E2-A296-485790F7C217}.Release|Any CPU.ActiveCfg = Release|Any CPU
		{DC3B045F-820E-40E2-A296-485790F7C217}.Release|Any CPU.Build.0 = Release|Any CPU
		{A98CD09D-6AA0-48E5-8382-2F9C38E90F64}.Debug|Any CPU.ActiveCfg = Debug|Any CPU
		{A98CD09D-6AA0-48E5-8382-2F9C38E90F64}.Debug|Any CPU.Build.0 = Debug|Any CPU
		{A98CD09D-6AA0-48E5-8382-2F9C38E90F64}.Release|Any CPU.ActiveCfg = Release|Any CPU
		{A98CD09D-6AA0-48E5-8382-2F9C38E90F64}.Release|Any CPU.Build.0 = Release|Any CPU
		{557DDAA7-B720-4C4F-8DDF-A12958FBE176}.Debug|Any CPU.ActiveCfg = Debug|Any CPU
		{557DDAA7-B720-4C4F-8DDF-A12958FBE176}.Debug|Any CPU.Build.0 = Debug|Any CPU
		{557DDAA7-B720-4C4F-8DDF-A12958FBE176}.Release|Any CPU.ActiveCfg = Release|Any CPU
		{557DDAA7-B720-4C4F-8DDF-A12958FBE176}.Release|Any CPU.Build.0 = Release|Any CPU
		{1E3B3ACD-AD60-4F49-BF53-046C4188D312}.Debug|Any CPU.ActiveCfg = Debug|Any CPU
		{1E3B3ACD-AD60-4F49-BF53-046C4188D312}.Debug|Any CPU.Build.0 = Debug|Any CPU
		{1E3B3ACD-AD60-4F49-BF53-046C4188D312}.Release|Any CPU.ActiveCfg = Release|Any CPU
		{1E3B3ACD-AD60-4F49-BF53-046C4188D312}.Release|Any CPU.Build.0 = Release|Any CPU
		{8E91FE5A-30B4-46AE-A4FB-EFDD61D1176F}.Debug|Any CPU.ActiveCfg = Debug|Any CPU
		{8E91FE5A-30B4-46AE-A4FB-EFDD61D1176F}.Debug|Any CPU.Build.0 = Debug|Any CPU
		{8E91FE5A-30B4-46AE-A4FB-EFDD61D1176F}.Release|Any CPU.ActiveCfg = Release|Any CPU
		{8E91FE5A-30B4-46AE-A4FB-EFDD61D1176F}.Release|Any CPU.Build.0 = Release|Any CPU
		{F153EB3D-ACE7-4D5A-9C66-A747A175F36D}.Debug|Any CPU.ActiveCfg = Debug|Any CPU
		{F153EB3D-ACE7-4D5A-9C66-A747A175F36D}.Debug|Any CPU.Build.0 = Debug|Any CPU
		{F153EB3D-ACE7-4D5A-9C66-A747A175F36D}.Release|Any CPU.ActiveCfg = Release|Any CPU
		{F153EB3D-ACE7-4D5A-9C66-A747A175F36D}.Release|Any CPU.Build.0 = Release|Any CPU
		{92C4E671-1BB3-4F44-AE66-7584ECC502A2}.Debug|Any CPU.ActiveCfg = Debug|Any CPU
		{92C4E671-1BB3-4F44-AE66-7584ECC502A2}.Debug|Any CPU.Build.0 = Debug|Any CPU
		{92C4E671-1BB3-4F44-AE66-7584ECC502A2}.Release|Any CPU.ActiveCfg = Release|Any CPU
		{92C4E671-1BB3-4F44-AE66-7584ECC502A2}.Release|Any CPU.Build.0 = Release|Any CPU
		{EB4DB5FD-7CA5-4250-B5C7-2ABD901FBA79}.Debug|Any CPU.ActiveCfg = Debug|Any CPU
		{EB4DB5FD-7CA5-4250-B5C7-2ABD901FBA79}.Debug|Any CPU.Build.0 = Debug|Any CPU
		{EB4DB5FD-7CA5-4250-B5C7-2ABD901FBA79}.Release|Any CPU.ActiveCfg = Release|Any CPU
		{EB4DB5FD-7CA5-4250-B5C7-2ABD901FBA79}.Release|Any CPU.Build.0 = Release|Any CPU
		{8A177021-B7BB-4EB4-B514-C7F03ED5F571}.Debug|Any CPU.ActiveCfg = Debug|Any CPU
		{8A177021-B7BB-4EB4-B514-C7F03ED5F571}.Debug|Any CPU.Build.0 = Debug|Any CPU
		{8A177021-B7BB-4EB4-B514-C7F03ED5F571}.Release|Any CPU.ActiveCfg = Release|Any CPU
		{8A177021-B7BB-4EB4-B514-C7F03ED5F571}.Release|Any CPU.Build.0 = Release|Any CPU
		{2005E1CC-5BFF-4ABF-B46D-EB39E2D9130F}.Debug|Any CPU.ActiveCfg = Debug|Any CPU
		{2005E1CC-5BFF-4ABF-B46D-EB39E2D9130F}.Debug|Any CPU.Build.0 = Debug|Any CPU
		{2005E1CC-5BFF-4ABF-B46D-EB39E2D9130F}.Release|Any CPU.ActiveCfg = Release|Any CPU
		{2005E1CC-5BFF-4ABF-B46D-EB39E2D9130F}.Release|Any CPU.Build.0 = Release|Any CPU
		{DD4912A0-AEC3-4BA7-BFDB-AFFFBF685982}.Debug|Any CPU.ActiveCfg = Debug|Any CPU
		{DD4912A0-AEC3-4BA7-BFDB-AFFFBF685982}.Debug|Any CPU.Build.0 = Debug|Any CPU
		{DD4912A0-AEC3-4BA7-BFDB-AFFFBF685982}.Release|Any CPU.ActiveCfg = Release|Any CPU
		{DD4912A0-AEC3-4BA7-BFDB-AFFFBF685982}.Release|Any CPU.Build.0 = Release|Any CPU
	EndGlobalSection
	GlobalSection(SolutionProperties) = preSolution
		HideSolutionNode = FALSE
	EndGlobalSection
	GlobalSection(NestedProjects) = preSolution
		{322B0C40-A4E0-40F3-AAB9-CC46F29C88CA} = {68141A3B-EB90-42C6-B644-73BEAC79341B}
		{DFA25393-BF87-45E1-B0B2-92088EE81BE0} = {68141A3B-EB90-42C6-B644-73BEAC79341B}
		{172A7168-7C0A-40CA-99D5-F3C85C98765D} = {68141A3B-EB90-42C6-B644-73BEAC79341B}
		{4D634763-6428-43A7-BC3D-4946BF464FED} = {68141A3B-EB90-42C6-B644-73BEAC79341B}
		{B7D355CB-98B9-4BA9-98F8-FDCE6BCF8471} = {68141A3B-EB90-42C6-B644-73BEAC79341B}
		{21D6BA90-51F9-4183-A813-E28E166AB48E} = {FD030C68-9D91-4846-85D0-36244157FD29}
		{A47A5D21-89DB-4811-BB3A-386BBB46AAFF} = {FD030C68-9D91-4846-85D0-36244157FD29}
		{E3AC25B4-3020-41C3-A337-E0FC17E2E836} = {FD030C68-9D91-4846-85D0-36244157FD29}
		{DC3B045F-820E-40E2-A296-485790F7C217} = {FD030C68-9D91-4846-85D0-36244157FD29}
		{A98CD09D-6AA0-48E5-8382-2F9C38E90F64} = {FD030C68-9D91-4846-85D0-36244157FD29}
		{557DDAA7-B720-4C4F-8DDF-A12958FBE176} = {C920F773-B7BC-4E11-94F5-1DDFC405936E}
		{1E3B3ACD-AD60-4F49-BF53-046C4188D312} = {C920F773-B7BC-4E11-94F5-1DDFC405936E}
		{8E91FE5A-30B4-46AE-A4FB-EFDD61D1176F} = {C920F773-B7BC-4E11-94F5-1DDFC405936E}
		{F153EB3D-ACE7-4D5A-9C66-A747A175F36D} = {C920F773-B7BC-4E11-94F5-1DDFC405936E}
		{92C4E671-1BB3-4F44-AE66-7584ECC502A2} = {864F4D8A-3F7B-4B5B-B1C8-C7CBCFBA8AD4}
		{EB4DB5FD-7CA5-4250-B5C7-2ABD901FBA79} = {864F4D8A-3F7B-4B5B-B1C8-C7CBCFBA8AD4}
		{8A177021-B7BB-4EB4-B514-C7F03ED5F571} = {864F4D8A-3F7B-4B5B-B1C8-C7CBCFBA8AD4}
		{2005E1CC-5BFF-4ABF-B46D-EB39E2D9130F} = {864F4D8A-3F7B-4B5B-B1C8-C7CBCFBA8AD4}
		{DD4912A0-AEC3-4BA7-BFDB-AFFFBF685982} = {9AA5761F-AF01-4039-A204-9949058556E9}
	EndGlobalSection
	GlobalSection(ExtensibilityGlobals) = postSolution
		SolutionGuid = {7D4E4354-15CA-4EFC-8120-1F2BC63DE878}
	EndGlobalSection
EndGlobal
